
Microsoft Visual Studio Solution File, Format Version 12.00
# Visual Studio 15
VisualStudioVersion = 15.0.28307.421
MinimumVisualStudioVersion = 10.0.40219.1
Project("{9A19103F-16F7-4668-BE54-9A1E7A4F7556}") = "EpicorRESTAlexa", "EpicorRESTAlexa\EpicorRESTAlexa.csproj", "{55321F01-8222-499A-964F-368AFF50F808}"
EndProject
Global
	GlobalSection(SolutionConfigurationPlatforms) = preSolution
		Debug|Any CPU = Debug|Any CPU
		Release|Any CPU = Release|Any CPU
	EndGlobalSection
	GlobalSection(ProjectConfigurationPlatforms) = postSolution
		{55321F01-8222-499A-964F-368AFF50F808}.Debug|Any CPU.ActiveCfg = Debug|Any CPU
		{55321F01-8222-499A-964F-368AFF50F808}.Debug|Any CPU.Build.0 = Debug|Any CPU
		{55321F01-8222-499A-964F-368AFF50F808}.Release|Any CPU.ActiveCfg = Release|Any CPU
		{55321F01-8222-499A-964F-368AFF50F808}.Release|Any CPU.Build.0 = Release|Any CPU
	EndGlobalSection
	GlobalSection(SolutionProperties) = preSolution
		HideSolutionNode = FALSE
	EndGlobalSection
	GlobalSection(ExtensibilityGlobals) = postSolution
		SolutionGuid = {52CC93DC-E262-4237-A67C-DD60C473C0E2}
	EndGlobalSection
EndGlobal
